
Microsoft Visual Studio Solution File, Format Version 12.00
Project("{FAE04EC0-301F-11D3-BF4B-00C04F79EFBC}") = "ToolsUpgradesLIB", "ToolsUpgradesLIB\ToolsUpgradesLIB.csproj", "{B1B61B86-BCC0-4DF9-9634-00F60B714EFD}"
EndProject
Global
	GlobalSection(SolutionConfigurationPlatforms) = preSolution
		Debug|Any CPU = Debug|Any CPU
		Release|Any CPU = Release|Any CPU
	EndGlobalSection
	GlobalSection(ProjectConfigurationPlatforms) = postSolution
		{B1B61B86-BCC0-4DF9-9634-00F60B714EFD}.Debug|Any CPU.ActiveCfg = Debug|Any CPU
		{B1B61B86-BCC0-4DF9-9634-00F60B714EFD}.Debug|Any CPU.Build.0 = Debug|Any CPU
		{B1B61B86-BCC0-4DF9-9634-00F60B714EFD}.Release|Any CPU.ActiveCfg = Release|Any CPU
		{B1B61B86-BCC0-4DF9-9634-00F60B714EFD}.Release|Any CPU.Build.0 = Release|Any CPU
	EndGlobalSection
EndGlobal
